
Microsoft Visual Studio Solution File, Format Version 12.00
# Visual Studio Version 16
VisualStudioVersion = 16.0.29306.81
MinimumVisualStudioVersion = 10.0.40219.1
Project("{FAE04EC0-301F-11D3-BF4B-00C04F79EFBC}") = "CoffeeMugTest", "CoffeeMugTest\CoffeeMugTest.csproj", "{B7FFAF94-86E5-46B5-9894-3096491B2987}"
EndProject
Global
	GlobalSection(SolutionConfigurationPlatforms) = preSolution
		Debug|Any CPU = Debug|Any CPU
		Release|Any CPU = Release|Any CPU
	EndGlobalSection
	GlobalSection(ProjectConfigurationPlatforms) = postSolution
		{B7FFAF94-86E5-46B5-9894-3096491B2987}.Debug|Any CPU.ActiveCfg = Debug|Any CPU
		{B7FFAF94-86E5-46B5-9894-3096491B2987}.Debug|Any CPU.Build.0 = Debug|Any CPU
		{B7FFAF94-86E5-46B5-9894-3096491B2987}.Release|Any CPU.ActiveCfg = Release|Any CPU
		{B7FFAF94-86E5-46B5-9894-3096491B2987}.Release|Any CPU.Build.0 = Release|Any CPU
	EndGlobalSection
	GlobalSection(SolutionProperties) = preSolution
		HideSolutionNode = FALSE
	EndGlobalSection
	GlobalSection(ExtensibilityGlobals) = postSolution
		SolutionGuid = {C9E57D5D-3A58-4806-B23F-9CBE7B2E9B8F}
	EndGlobalSection
EndGlobal
